// !$*UTF8*$!
{
	archiveVersion = 1;
	classes = {
	};
	objectVersion = 50;
	objects = {

/* Begin PBXBuildFile section */
		2CDF5D5E214B08DC0059B1BD /* AppDelegate.swift in Sources */ = {isa = PBXBuildFile; fileRef = 2CDF5D5D214B08DC0059B1BD /* AppDelegate.swift */; };
		2CDF5D60214B08DC0059B1BD /* ViewController.swift in Sources */ = {isa = PBXBuildFile; fileRef = 2CDF5D5F214B08DC0059B1BD /* ViewController.swift */; };
		2CDF5D63214B08DC0059B1BD /* Main.storyboard in Resources */ = {isa = PBXBuildFile; fileRef = 2CDF5D61214B08DC0059B1BD /* Main.storyboard */; };
		2CDF5D65214B08DF0059B1BD /* Assets.xcassets in Resources */ = {isa = PBXBuildFile; fileRef = 2CDF5D64214B08DF0059B1BD /* Assets.xcassets */; };
		2CDF5D68214B08DF0059B1BD /* LaunchScreen.storyboard in Resources */ = {isa = PBXBuildFile; fileRef = 2CDF5D66214B08DF0059B1BD /* LaunchScreen.storyboard */; };
		2CDF5D70214B0C240059B1BD /* UIColor-Interpolation.swift in Sources */ = {isa = PBXBuildFile; fileRef = 2CDF5D6F214B0C240059B1BD /* UIColor-Interpolation.swift */; };
/* End PBXBuildFile section */

/* Begin PBXFileReference section */
		2CDF5D5A214B08DC0059B1BD /* ColorInterpolation.app */ = {isa = PBXFileReference; explicitFileType = wrapper.application; includeInIndex = 0; path = ColorInterpolation.app; sourceTree = BUILT_PRODUCTS_DIR; };
		2CDF5D5D214B08DC0059B1BD /* AppDelegate.swift */ = {isa = PBXFileReference; lastKnownFileType = sourcecode.swift; path = AppDelegate.swift; sourceTree = "<group>"; };
		2CDF5D5F214B08DC0059B1BD /* ViewController.swift */ = {isa = PBXFileReference; lastKnownFileType = sourcecode.swift; path = ViewController.swift; sourceTree = "<group>"; };
		2CDF5D62214B08DC0059B1BD /* Base */ = {isa = PBXFileReference; lastKnownFileType = file.storyboard; name = Base; path = Base.lproj/Main.storyboard; sourceTree = "<group>"; };
		2CDF5D64214B08DF0059B1BD /* Assets.xcassets */ = {isa = PBXFileReference; lastKnownFileType = folder.assetcatalog; path = Assets.xcassets; sourceTree = "<group>"; };
		2CDF5D67214B08DF0059B1BD /* Base */ = {isa = PBXFileReference; lastKnownFileType = file.storyboard; name = Base; path = Base.lproj/LaunchScreen.storyboard; sourceTree = "<group>"; };
		2CDF5D69214B08DF0059B1BD /* Info.plist */ = {isa = PBXFileReference; lastKnownFileType = text.plist.xml; path = Info.plist; sourceTree = "<group>"; };
		2CDF5D6F214B0C240059B1BD /* UIColor-Interpolation.swift */ = {isa = PBXFileReference; lastKnownFileType = sourcecode.swift; path = "UIColor-Interpolation.swift"; sourceTree = "<group>"; };
/* End PBXFileReference section */

/* Begin PBXFrameworksBuildPhase section */
		2CDF5D57214B08DC0059B1BD /* Frameworks */ = {
			isa = PBXFrameworksBuildPhase;
			buildActionMask = 2147483647;
			files = (
			);
			runOnlyForDeploymentPostprocessing = 0;
		};
/* End PBXFrameworksBuildPhase section */

/* Begin PBXGroup section */
		2CDF5D51214B08DC0059B1BD = {
			isa = PBXGroup;
			children = (
				2CDF5D5C214B08DC0059B1BD /* ColorInterpolation */,
				2CDF5D5B214B08DC0059B1BD /* Products */,
			);
			sourceTree = "<group>";
		};
		2CDF5D5B214B08DC0059B1BD /* Products */ = {
			isa = PBXGroup;
			children = (
				2CDF5D5A214B08DC0059B1BD /* ColorInterpolation.app */,
			);
			name = Products;
			sourceTree = "<group>";
		};
		2CDF5D5C214B08DC0059B1BD /* ColorInterpolation */ = {
			isa = PBXGroup;
			children = (
				2CDF5D5D214B08DC0059B1BD /* AppDelegate.swift */,
				2CDF5D6F214B0C240059B1BD /* UIColor-Interpolation.swift */,
				2CDF5D5F214B08DC0059B1BD /* ViewController.swift */,
				2CDF5D61214B08DC0059B1BD /* Main.storyboard */,
				2CDF5D64214B08DF0059B1BD /* Assets.xcassets */,
				2CDF5D66214B08DF0059B1BD /* LaunchScreen.storyboard */,
				2CDF5D69214B08DF0059B1BD /* Info.plist */,
			);
			path = ColorInterpolation;
			sourceTree = "<group>";
		};
/* End PBXGroup section */

/* Begin PBXNativeTarget section */
		2CDF5D59214B08DC0059B1BD /* ColorInterpolation */ = {
			isa = PBXNativeTarget;
			buildConfigurationList = 2CDF5D6C214B08DF0059B1BD /* Build configuration list for PBXNativeTarget "ColorInterpolation" */;
			buildPhases = (
				2CDF5D56214B08DC0059B1BD /* Sources */,
				2CDF5D57214B08DC0059B1BD /* Frameworks */,
				2CDF5D58214B08DC0059B1BD /* Resources */,
			);
			buildRules = (
			);
			dependencies = (
			);
			name = ColorInterpolation;
			productName = ColorInterpolation;
			productReference = 2CDF5D5A214B08DC0059B1BD /* ColorInterpolation.app */;
			productType = "com.apple.product-type.application";
		};
/* End PBXNativeTarget section */

/* Begin PBXProject section */
		2CDF5D52214B08DC0059B1BD /* Project object */ = {
			isa = PBXProject;
			attributes = {
				LastSwiftUpdateCheck = 0940;
				LastUpgradeCheck = 0940;
				ORGANIZATIONNAME = "Luiz Felipe Albernaz Pio";
				TargetAttributes = {
					2CDF5D59214B08DC0059B1BD = {
						CreatedOnToolsVersion = 9.4.1;
					};
				};
			};
			buildConfigurationList = 2CDF5D55214B08DC0059B1BD /* Build configuration list for PBXProject "ColorInterpolation" */;
			compatibilityVersion = "Xcode 9.3";
			developmentRegion = en;
			hasScannedForEncodings = 0;
			knownRegions = (
				en,
				Base,
			);
			mainGroup = 2CDF5D51214B08DC0059B1BD;
			productRefGroup = 2CDF5D5B214B08DC0059B1BD /* Products */;
			projectDirPath = "";
			projectRoot = "";
			targets = (
				2CDF5D59214B08DC0059B1BD /* ColorInterpolation */,
			);
		};
/* End PBXProject section */

/* Begin PBXResourcesBuildPhase section */
		2CDF5D58214B08DC0059B1BD /* Resources */ = {
			isa = PBXResourcesBuildPhase;
			buildActionMask = 2147483647;
			files = (
				2CDF5D68214B08DF0059B1BD /* LaunchScreen.storyboard in Resources */,
				2CDF5D65214B08DF0059B1BD /* Assets.xcassets in Resources */,
				2CDF5D63214B08DC0059B1BD /* Main.storyboard in Resources */,
			);
			runOnlyForDeploymentPostprocessing = 0;
		};
/* End PBXResourcesBuildPhase section */

/* Begin PBXSourcesBuildPhase section */
		2CDF5D56214B08DC0059B1BD /* Sources */ = {
			isa = PBXSourcesBuildPhase;
			buildActionMask = 2147483647;
			files = (
				2CDF5D60214B08DC0059B1BD /* ViewController.swift in Sources */,
				2CDF5D70214B0C240059B1BD /* UIColor-Interpolation.swift in Sources */,
				2CDF5D5E214B08DC0059B1BD /* AppDelegate.swift in Sources */,
			);
			runOnlyForDeploymentPostprocessing = 0;
		};
/* End PBXSourcesBuildPhase section */

/* Begin PBXVariantGroup section */
		2CDF5D61214B08DC0059B1BD /* Main.storyboard */ = {
			isa = PBXVariantGroup;
			children = (
				2CDF5D62214B08DC0059B1BD /* Base */,
			);
			name = Main.storyboard;
			sourceTree = "<group>";
		};
		2CDF5D66214B08DF0059B1BD /* LaunchScreen.storyboard */ = {
			isa = PBXVariantGroup;
			children = (
				2CDF5D67214B08DF0059B1BD /* Base */,
			);
			name = LaunchScreen.storyboard;
			sourceTree = "<group>";
		};
/* End PBXVariantGroup section */

/* Begin XCBuildConfiguration section */
		2CDF5D6A214B08DF0059B1BD /* Debug */ = {
			isa = XCBuildConfiguration;
			buildSettings = {
				ALWAYS_SEARCH_USER_PATHS = NO;
				CLANG_ANALYZER_NONNULL = YES;
				CLANG_ANALYZER_NUMBER_OBJECT_CONVERSION = YES_AGGRESSIVE;
				CLANG_CXX_LANGUAGE_STANDARD = "gnu++14";
				CLANG_CXX_LIBRARY = "libc++";
				CLANG_ENABLE_MODULES = YES;
				CLANG_ENABLE_OBJC_ARC = YES;
				CLANG_ENABLE_OBJC_WEAK = YES;
				CLANG_WARN_BLOCK_CAPTURE_AUTORELEASING = YES;
				CLANG_WARN_BOOL_CONVERSION = YES;
				CLANG_WARN_COMMA = YES;
				CLANG_WARN_CONSTANT_CONVERSION = YES;
				CLANG_WARN_DEPRECATED_OBJC_IMPLEMENTATIONS = YES;
				CLANG_WARN_DIRECT_OBJC_ISA_USAGE = YES_ERROR;
				CLANG_WARN_DOCUMENTATION_COMMENTS = YES;
				CLANG_WARN_EMPTY_BODY = YES;
				CLANG_WARN_ENUM_CONVERSION = YES;
				CLANG_WARN_INFINITE_RECURSION = YES;
				CLANG_WARN_INT_CONVERSION = YES;
				CLANG_WARN_NON_LITERAL_NULL_CONVERSION = YES;
				CLANG_WARN_OBJC_IMPLICIT_RETAIN_SELF = YES;
				CLANG_WARN_OBJC_LITERAL_CONVERSION = YES;
				CLANG_WARN_OBJC_ROOT_CLASS = YES_ERROR;
				CLANG_WARN_RANGE_LOOP_ANALYSIS = YES;
				CLANG_WARN_STRICT_PROTOTYPES = YES;
				CLANG_WARN_SUSPICIOUS_MOVE = YES;
				CLANG_WARN_UNGUARDED_AVAILABILITY = YES_AGGRESSIVE;
				CLANG_WARN_UNREACHABLE_CODE = YES;
				CLANG_WARN__DUPLICATE_METHOD_MATCH = YES;
				CODE_SIGN_IDENTITY = "iPhone Developer";
				COPY_PHASE_STRIP = NO;
				DEBUG_INFORMATION_FORMAT = dwarf;
				ENABLE_STRICT_OBJC_MSGSEND = YES;
				ENABLE_TESTABILITY = YES;
				GCC_C_LANGUAGE_STANDARD = gnu11;
				GCC_DYNAMIC_NO_PIC = NO;
				GCC_NO_COMMON_BLOCKS = YES;
				GCC_OPTIMIZATION_LEVEL = 0;
				GCC_PREPROCESSOR_DEFINITIONS = (
					"DEBUG=1",
					"$(inherited)",
				);
				GCC_WARN_64_TO_32_BIT_CONVERSION = YES;
				GCC_WARN_ABOUT_RETURN_TYPE = YES_ERROR;
				GCC_WARN_UNDECLARED_SELECTOR = YES;
				GCC_WARN_UNINITIALIZED_AUTOS = YES_AGGRESSIVE;
				GCC_WARN_UNUSED_FUNCTION = YES;
				GCC_WARN_UNUSED_VARIABLE = YES;
				IPHONEOS_DEPLOYMENT_TARGET = 11.4;
				MTL_ENABLE_DEBUG_INFO = YES;
				ONLY_ACTIVE_ARCH = YES;
				SDKROOT = iphoneos;
				SWIFT_ACTIVE_COMPILATION_CONDITIONS = DEBUG;
				SWIFT_OPTIMIZATION_LEVEL = "-Onone";
			};
			name = Debug;
		};
		2CDF5D6B214B08DF0059B1BD /* Release */ = {
			isa = XCBuildConfiguration;
			buildSettings = {
				ALWAYS_SEARCH_USER_PATHS = NO;
				CLANG_ANALYZER_NONNULL = YES;
				CLANG_ANALYZER_NUMBER_OBJECT_CONVERSION = YES_AGGRESSIVE;
				CLANG_CXX_LANGUAGE_STANDARD = "gnu++14";
				CLANG_CXX_LIBRARY = "libc++";
				CLANG_ENABLE_MODULES = YES;
				CLANG_ENABLE_OBJC_ARC = YES;
				CLANG_ENABLE_OBJC_WEAK = YES;
				CLANG_WARN_BLOCK_CAPTURE_AUTORELEASING = YES;
				CLANG_WARN_BOOL_CONVERSION = YES;
				CLANG_WARN_COMMA = YES;
				CLANG_WARN_CONSTANT_CONVERSION = YES;
				CLANG_WARN_DEPRECATED_OBJC_IMPLEMENTATIONS = YES;
				CLANG_WARN_DIRECT_OBJC_ISA_USAGE = YES_ERROR;
				CLANG_WARN_DOCUMENTATION_COMMENTS = YES;
				CLANG_WARN_EMPTY_BODY = YES;
				CLANG_WARN_ENUM_CONVERSION = YES;
				CLANG_WARN_INFINITE_RECURSION = YES;
				CLANG_WARN_INT_CONVERSION = YES;
				CLANG_WARN_NON_LITERAL_NULL_CONVERSION = YES;
				CLANG_WARN_OBJC_IMPLICIT_RETAIN_SELF = YES;
				CLANG_WARN_OBJC_LITERAL_CONVERSION = YES;
				CLANG_WARN_OBJC_ROOT_CLASS = YES_ERROR;
				CLANG_WARN_RANGE_LOOP_ANALYSIS = YES;
				CLANG_WARN_STRICT_PROTOTYPES = YES;
				CLANG_WARN_SUSPICIOUS_MOVE = YES;
				CLANG_WARN_UNGUARDED_AVAILABILITY = YES_AGGRESSIVE;
				CLANG_WARN_UNREACHABLE_CODE = YES;
				CLANG_WARN__DUPLICATE_METHOD_MATCH = YES;
				CODE_SIGN_IDENTITY = "iPhone Developer";
				COPY_PHASE_STRIP = NO;
				DEBUG_INFORMATION_FORMAT = "dwarf-with-dsym";
				ENABLE_NS_ASSERTIONS = NO;
				ENABLE_STRICT_OBJC_MSGSEND = YES;
				GCC_C_LANGUAGE_STANDARD = gnu11;
				GCC_NO_COMMON_BLOCKS = YES;
				GCC_WARN_64_TO_32_BIT_CONVERSION = YES;
				GCC_WARN_ABOUT_RETURN_TYPE = YES_ERROR;
				GCC_WARN_UNDECLARED_SELECTOR = YES;
				GCC_WARN_UNINITIALIZED_AUTOS = YES_AGGRESSIVE;
				GCC_WARN_UNUSED_FUNCTION = YES;
				GCC_WARN_UNUSED_VARIABLE = YES;
				IPHONEOS_DEPLOYMENT_TARGET = 11.4;
				MTL_ENABLE_DEBUG_INFO = NO;
				SDKROOT = iphoneos;
				SWIFT_COMPILATION_MODE = wholemodule;
				SWIFT_OPTIMIZATION_LEVEL = "-O";
				VALIDATE_PRODUCT = YES;
			};
			name = Release;
		};
		2CDF5D6D214B08DF0059B1BD /* Debug */ = {
			isa = XCBuildConfiguration;
			buildSettings = {
				ASSETCATALOG_COMPILER_APPICON_NAME = AppIcon;
				CODE_SIGN_STYLE = Automatic;
				DEVELOPMENT_TEAM = XF4B7JNZTU;
				INFOPLIST_FILE = ColorInterpolation/Info.plist;
				LD_RUNPATH_SEARCH_PATHS = (
					"$(inherited)",
					"@executable_path/Frameworks",
				);
				PRODUCT_BUNDLE_IDENTIFIER = com.lfap.ColorInterpolation;
				PRODUCT_NAME = "$(TARGET_NAME)";
				SWIFT_VERSION = 4.0;
				TARGETED_DEVICE_FAMILY = "1,2";
			};
			name = Debug;
		};
		2CDF5D6E214B08DF0059B1BD /* Release */ = {
			isa = XCBuildConfiguration;
			buildSettings = {
				ASSETCATALOG_COMPILER_APPICON_NAME = AppIcon;
				CODE_SIGN_STYLE = Automatic;
				DEVELOPMENT_TEAM = XF4B7JNZTU;
				INFOPLIST_FILE = ColorInterpolation/Info.plist;
				LD_RUNPATH_SEARCH_PATHS = (
					"$(inherited)",
					"@executable_path/Frameworks",
				);
				PRODUCT_BUNDLE_IDENTIFIER = com.lfap.ColorInterpolation;
				PRODUCT_NAME = "$(TARGET_NAME)";
				SWIFT_VERSION = 4.0;
				TARGETED_DEVICE_FAMILY = "1,2";
			};
			name = Release;
		};
/* End XCBuildConfiguration section */

/* Begin XCConfigurationList section */
		2CDF5D55214B08DC0059B1BD /* Build configuration list for PBXProject "ColorInterpolation" */ = {
			isa = XCConfigurationList;
			buildConfigurations = (
				2CDF5D6A214B08DF0059B1BD /* Debug */,
				2CDF5D6B214B08DF0059B1BD /* Release */,
			);
			defaultConfigurationIsVisible = 0;
			defaultConfigurationName = Release;
		};
		2CDF5D6C214B08DF0059B1BD /* Build configuration list for PBXNativeTarget "ColorInterpolation" */ = {
			isa = XCConfigurationList;
			buildConfigurations = (
				2CDF5D6D214B08DF0059B1BD /* Debug */,
				2CDF5D6E214B08DF0059B1BD /* Release */,
			);
			defaultConfigurationIsVisible = 0;
			defaultConfigurationName = Release;
		};
/* End XCConfigurationList section */
	};
	rootObject = 2CDF5D52214B08DC0059B1BD /* Project object */;
}
